
Microsoft Visual Studio Solution File, Format Version 12.00
# Visual Studio Version 17
VisualStudioVersion = 17.6.33815.320
MinimumVisualStudioVersion = 10.0.40219.1
Project("{FAE04EC0-301F-11D3-BF4B-00C04F79EFBC}") = "GooglePhotosMatcher", "GooglePhotosMatcher\GooglePhotosMatcher.csproj", "{5368375D-9881-44AC-A027-643663442268}"
EndProject
Global
	GlobalSection(SolutionConfigurationPlatforms) = preSolution
		Debug|Any CPU = Debug|Any CPU
		Release|Any CPU = Release|Any CPU
	EndGlobalSection
	GlobalSection(ProjectConfigurationPlatforms) = postSolution
		{5368375D-9881-44AC-A027-643663442268}.Debug|Any CPU.ActiveCfg = Debug|Any CPU
		{5368375D-9881-44AC-A027-643663442268}.Debug|Any CPU.Build.0 = Debug|Any CPU
		{5368375D-9881-44AC-A027-643663442268}.Release|Any CPU.ActiveCfg = Release|Any CPU
		{5368375D-9881-44AC-A027-643663442268}.Release|Any CPU.Build.0 = Release|Any CPU
	EndGlobalSection
	GlobalSection(SolutionProperties) = preSolution
		HideSolutionNode = FALSE
	EndGlobalSection
	GlobalSection(ExtensibilityGlobals) = postSolution
		SolutionGuid = {C7E22C56-276A-4613-8C1A-A3FA15617168}
	EndGlobalSection
EndGlobal
